<?xml version="1.0" encoding="utf-8"?>
<Project ToolsVersion="4.0" xmlns="http://schemas.microsoft.com/developer/msbuild/2003">
  <ItemGroup>
    <Filter Include="Source Files">
      <UniqueIdentifier>{4FC737F1-C7A5-4376-A066-2A32D752A2FF}</UniqueIdentifier>
      <Extensions>cpp;c;cc;cxx;def;odl;idl;hpj;bat;asm;asmx</Extensions>
    </Filter>
    <Filter Include="Header Files">
      <UniqueIdentifier>{93995380-89BD-4b04-88EB-625FBE52EBFB}</UniqueIdentifier>
      <Extensions>h;hh;hpp;hxx;hm;inl;inc;xsd</Extensions>
    </Filter>
    <Filter Include="Resource Files">
      <UniqueIdentifier>{67DA6AB6-F800-4c08-8B7A-83BB121AAD01}</UniqueIdentifier>
      <Extensions>rc;ico;cur;bmp;dlg;rc2;rct;bin;rgs;gif;jpg;jpeg;jpe;resx;tiff;tif;png;wav;mfcribbon-ms</Extensions>
    </Filter>
    <Filter Include="Header Files\Boilerplate">
      <UniqueIdentifier>{082a7439-0d4f-4dc3-a50a-9f9cd0a78491}</UniqueIdentifier>
    </Filter>
    <Filter Include="Source Files\Shaders">
      <UniqueIdentifier>{661bd74a-ab34-4b45-a864-883996674a12}</UniqueIdentifier>
    </Filter>
    <Filter Include="Header Files\Engines">
      <UniqueIdentifier>{6a979d30-5657-49f1-a1cf-e9a18f7d06dd}</UniqueIdentifier>
    </Filter>
    <Filter Include="Header Files\MainSystem">
      <UniqueIdentifier>{472b1243-1283-4d27-b24c-bf442eaabc60}</UniqueIdentifier>
    </Filter>
    <Filter Include="Source Files\MainSystem">
      <UniqueIdentifier>{f6ea4661-49e4-44f2-bc54-71e8432e0b19}</UniqueIdentifier>
    </Filter>
    <Filter Include="Source Files\Engines">
      <UniqueIdentifier>{a5515e97-5253-41ec-be79-4c0e107ce4c6}</UniqueIdentifier>
    </Filter>
    <Filter Include="Header Files\Renderables">
      <UniqueIdentifier>{5911457b-24fa-4e86-9524-eb930cb102ce}</UniqueIdentifier>
    </Filter>
    <Filter Include="Header Files\Entity-Component">
      <UniqueIdentifier>{0d186f81-7e5e-4f0f-a282-f2b9b3149f83}</UniqueIdentifier>
    </Filter>
    <Filter Include="Header Files\Entity-Component\Components">
      <UniqueIdentifier>{c481c57a-d11c-417e-b4e1-e1180c3c220b}</UniqueIdentifier>
    </Filter>
    <Filter Include="Source Files\Entity-Component">
      <UniqueIdentifier>{47c54874-ebc9-4e45-98da-41f99098d97e}</UniqueIdentifier>
    </Filter>
    <Filter Include="Source Files\Entity-Component\Components">
      <UniqueIdentifier>{1c85c5ea-b14f-4a7c-a2fb-b4cb7c251370}</UniqueIdentifier>
    </Filter>
    <Filter Include="Header Files\Loading">
      <UniqueIdentifier>{9d1afe08-745e-440e-b02c-833ec13593de}</UniqueIdentifier>
    </Filter>
    <Filter Include="Source Files\Loading">
      <UniqueIdentifier>{05faec20-ecdc-4895-ba02-b9bf360a4722}</UniqueIdentifier>
    </Filter>
    <Filter Include="Header Files\Builders">
      <UniqueIdentifier>{f1addbfe-a820-4d00-9d3e-0b8abd89becb}</UniqueIdentifier>
    </Filter>
    <Filter Include="GUI">
      <UniqueIdentifier>{3a63fa72-b598-42fa-8a4e-416d23d0d940}</UniqueIdentifier>
    </Filter>
    <Filter Include="Source Files\Window Render">
      <UniqueIdentifier>{945056a2-851d-4bea-9cf4-a964ec4d36e6}</UniqueIdentifier>
    </Filter>
    <Filter Include="Source Files\GUI">
      <UniqueIdentifier>{c367063f-2abb-4e13-ab83-7a17cc96912e}</UniqueIdentifier>
    </Filter>
    <Filter Include="Header Files\Window Render">
      <UniqueIdentifier>{414d2ee2-44ce-456b-b954-bf6fda7fd7ad}</UniqueIdentifier>
    </Filter>
  </ItemGroup>
  <ItemGroup>
    <ClCompile Include="Mesh.cpp">
      <Filter>Source Files</Filter>
    </ClCompile>
    <ClCompile Include="InputManager.cpp">
      <Filter>Source Files\MainSystem</Filter>
    </ClCompile>
    <ClCompile Include="Main.cpp">
      <Filter>Source Files\MainSystem</Filter>
    </ClCompile>
    <ClCompile Include="TimeSystem.cpp">
      <Filter>Source Files\MainSystem</Filter>
    </ClCompile>
    <ClCompile Include="RenderEngine.cpp">
      <Filter>Source Files</Filter>
    </ClCompile>
    <ClCompile Include="Entity.cpp">
      <Filter>Source Files\Entity-Component</Filter>
    </ClCompile>
    <ClCompile Include="Component.cpp">
      <Filter>Source Files\Entity-Component\Components</Filter>
    </ClCompile>
    <ClCompile Include="PhysicsEngine.cpp">
      <Filter>Source Files\Engines</Filter>
    </ClCompile>
    <ClCompile Include="CollisionEngine.cpp">
      <Filter>Source Files\Engines</Filter>
    </ClCompile>
    <ClCompile Include="GJK.cpp">
      <Filter>Source Files</Filter>
    </ClCompile>
    <ClCompile Include="EPA.cpp">
      <Filter>Source Files</Filter>
    </ClCompile>
    <ClCompile Include="CollisionComponent.cpp">
      <Filter>Source Files\Entity-Component\Components</Filter>
    </ClCompile>
    <ClCompile Include="splitstring.cpp">
      <Filter>Source Files\Loading</Filter>
    </ClCompile>
    <ClCompile Include="SceneLoading.cpp">
      <Filter>Source Files\Loading</Filter>
    </ClCompile>
    <ClCompile Include="objloader.cpp">
      <Filter>Source Files\Loading</Filter>
    </ClCompile>
    <ClCompile Include="RenderEngine.cpp">
      <Filter>Source Files\Engines</Filter>
    </ClCompile>
    <ClCompile Include="Skybox.cpp">
      <Filter>Source Files\Loading</Filter>
    </ClCompile>
    <ClCompile Include="Shader.cpp">
      <Filter>Source Files\Shaders</Filter>
    </ClCompile>
    <ClCompile Include="EntityManager.cpp">
      <Filter>Source Files\Entity-Component</Filter>
    </ClCompile>
    <ClCompile Include="WindowRender.cpp">
      <Filter>Source Files\Window Render</Filter>
    </ClCompile>
    <ClCompile Include="PhysicsSimulation.cpp">
      <Filter>Source Files\MainSystem</Filter>
    </ClCompile>
    <ClCompile Include="GUIManager.cpp">
      <Filter>Source Files\GUI</Filter>
    </ClCompile>
  </ItemGroup>
  <ItemGroup>
    <ClInclude Include="Mesh.h">
      <Filter>Header Files\Renderables</Filter>
    </ClInclude>
    <ClInclude Include="GLSetup.h">
      <Filter>Header Files\Boilerplate</Filter>
    </ClInclude>
    <ClInclude Include="Shader.h">
      <Filter>Header Files</Filter>
    </ClInclude>
    <ClInclude Include="Vertex.h">
      <Filter>Header Files\Renderables</Filter>
    </ClInclude>
    <ClInclude Include="Camera.h">
      <Filter>Header Files</Filter>
    </ClInclude>
    <ClInclude Include="WindowManager.h">
      <Filter>Header Files\MainSystem</Filter>
    </ClInclude>
    <ClInclude Include="TimeSystem.h">
      <Filter>Header Files\MainSystem</Filter>
    </ClInclude>
    <ClInclude Include="InputManager.h">
      <Filter>Header Files\MainSystem</Filter>
    </ClInclude>
    <ClInclude Include="RenderEngine.h">
      <Filter>Header Files</Filter>
    </ClInclude>
    <ClInclude Include="Component.h">
      <Filter>Header Files\Entity-Component\Components</Filter>
    </ClInclude>
    <ClInclude Include="RenderComponent.h">
      <Filter>Header Files\Entity-Component\Components</Filter>
    </ClInclude>
    <ClInclude Include="Entity.h">
      <Filter>Header Files\Entity-Component</Filter>
    </ClInclude>
    <ClInclude Include="PhysicsComponent.h">
      <Filter>Header Files\Entity-Component\Components</Filter>
    </ClInclude>
    <ClInclude Include="PhysicsEngine.h">
      <Filter>Header Files\Engines</Filter>
    </ClInclude>
    <ClInclude Include="Engine.h">
      <Filter>Header Files\Engines</Filter>
    </ClInclude>
    <ClInclude Include="CollisionComponent.h">
      <Filter>Header Files\Entity-Component\Components</Filter>
    </ClInclude>
    <ClInclude Include="CollisionEngine.h">
      <Filter>Header Files\Engines</Filter>
    </ClInclude>
    <ClInclude Include="GJK.h">
      <Filter>Header Files</Filter>
    </ClInclude>
    <ClInclude Include="EPA.h">
      <Filter>Header Files</Filter>
    </ClInclude>
    <ClInclude Include="objloader.hpp">
      <Filter>Header Files\Loading</Filter>
    </ClInclude>
    <ClInclude Include="SceneLoading.h">
      <Filter>Header Files\Loading</Filter>
    </ClInclude>
    <ClInclude Include="splitstring.h">
      <Filter>Header Files\Loading</Filter>
    </ClInclude>
    <ClInclude Include="RenderEngine.h">
      <Filter>Header Files\Engines</Filter>
    </ClInclude>
    <ClInclude Include="PhysicsBuilder.h">
      <Filter>Header Files\Builders</Filter>
    </ClInclude>
    <ClInclude Include="Skybox.h">
      <Filter>Header Files\Loading</Filter>
    </ClInclude>
    <ClInclude Include="EntityManager.h">
      <Filter>Header Files\Entity-Component</Filter>
    </ClInclude>
    <ClInclude Include="WindowRender.h">
      <Filter>Header Files\Window Render</Filter>
    </ClInclude>
    <ClInclude Include="GUIManager.h">
      <Filter>GUI</Filter>
    </ClInclude>
    <ClInclude Include="PhysicsSimulation.h">
      <Filter>Header Files\MainSystem</Filter>
    </ClInclude>
  </ItemGroup>
  <ItemGroup>
    <None Include="ShaderSources\frag.fs">
      <Filter>Source Files\Shaders</Filter>
    </None>
    <None Include="ShaderSources\vert.vs">
      <Filter>Source Files\Shaders</Filter>
    </None>
  </ItemGroup>
</Project>